
Microsoft Visual Studio Solution File, Format Version 12.00
# Visual Studio Version 16
VisualStudioVersion = 16.0.29306.81
MinimumVisualStudioVersion = 10.0.40219.1
Project("{8BC9CEB8-8B4A-11D0-8D11-00A0C91BC942}") = "Data Structure", "Data Structure\Data Structure.vcxproj", "{D7323488-A128-4CDB-B7E9-F5FEFE741CDA}"
EndProject
Project("{8BC9CEB8-8B4A-11D0-8D11-00A0C91BC942}") = "SingleLinkedListTest", "SingleLinkedListTest\SingleLinkedListTest.vcxproj", "{313C7BA7-32D0-4D2F-9163-F8BE4C685F7D}"
EndProject
Project("{8BC9CEB8-8B4A-11D0-8D11-00A0C91BC942}") = "DoubleLinkedListTest", "DoubleLinkedListTest\DoubleLinkedListTest.vcxproj", "{AFBC00D9-413A-4412-AFC4-BA505EF210B3}"
EndProject
Project("{8BC9CEB8-8B4A-11D0-8D11-00A0C91BC942}") = "VectorTest", "VectorTest\VectorTest.vcxproj", "{225E21FB-DB34-4188-9D78-8D800C02804F}"
EndProject
Project("{8BC9CEB8-8B4A-11D0-8D11-00A0C91BC942}") = "StackTest", "StackTest\StackTest.vcxproj", "{1AA12CCA-3B68-4E44-B127-E01F7CCF6C82}"
EndProject
Project("{8BC9CEB8-8B4A-11D0-8D11-00A0C91BC942}") = "QueueTest", "QueueTest\QueueTest.vcxproj", "{D847B146-3F8E-4CEC-A090-CF0888B33FF2}"
EndProject
Project("{8BC9CEB8-8B4A-11D0-8D11-00A0C91BC942}") = "PriorityQueueTest", "PriorityQueueTest\PriorityQueueTest.vcxproj", "{B7A357B6-293E-4426-B268-A88CB4C74886}"
EndProject
Project("{8BC9CEB8-8B4A-11D0-8D11-00A0C91BC942}") = "BinarySearchTreeTest", "BinarySearchTreeTest\BinarySearchTreeTest.vcxproj", "{262FB847-18FF-48A8-99DC-870781180E6A}"
EndProject
Project("{8BC9CEB8-8B4A-11D0-8D11-00A0C91BC942}") = "LRU_CacheTest", "LRU_CacheTest\LRU_CacheTest.vcxproj", "{E0D23AE3-0301-4736-B0D7-DB9F0A7E3B18}"
EndProject
Global
	GlobalSection(SolutionConfigurationPlatforms) = preSolution
		Debug|x64 = Debug|x64
		Debug|x86 = Debug|x86
		Release|x64 = Release|x64
		Release|x86 = Release|x86
	EndGlobalSection
	GlobalSection(ProjectConfigurationPlatforms) = postSolution
		{D7323488-A128-4CDB-B7E9-F5FEFE741CDA}.Debug|x64.ActiveCfg = Debug|x64
		{D7323488-A128-4CDB-B7E9-F5FEFE741CDA}.Debug|x64.Build.0 = Debug|x64
		{D7323488-A128-4CDB-B7E9-F5FEFE741CDA}.Debug|x86.ActiveCfg = Debug|Win32
		{D7323488-A128-4CDB-B7E9-F5FEFE741CDA}.Debug|x86.Build.0 = Debug|Win32
		{D7323488-A128-4CDB-B7E9-F5FEFE741CDA}.Release|x64.ActiveCfg = Release|x64
		{D7323488-A128-4CDB-B7E9-F5FEFE741CDA}.Release|x64.Build.0 = Release|x64
		{D7323488-A128-4CDB-B7E9-F5FEFE741CDA}.Release|x86.ActiveCfg = Release|Win32
		{D7323488-A128-4CDB-B7E9-F5FEFE741CDA}.Release|x86.Build.0 = Release|Win32
		{313C7BA7-32D0-4D2F-9163-F8BE4C685F7D}.Debug|x64.ActiveCfg = Debug|x64
		{313C7BA7-32D0-4D2F-9163-F8BE4C685F7D}.Debug|x64.Build.0 = Debug|x64
		{313C7BA7-32D0-4D2F-9163-F8BE4C685F7D}.Debug|x86.ActiveCfg = Debug|Win32
		{313C7BA7-32D0-4D2F-9163-F8BE4C685F7D}.Debug|x86.Build.0 = Debug|Win32
		{313C7BA7-32D0-4D2F-9163-F8BE4C685F7D}.Release|x64.ActiveCfg = Release|x64
		{313C7BA7-32D0-4D2F-9163-F8BE4C685F7D}.Release|x64.Build.0 = Release|x64
		{313C7BA7-32D0-4D2F-9163-F8BE4C685F7D}.Release|x86.ActiveCfg = Release|Win32
		{313C7BA7-32D0-4D2F-9163-F8BE4C685F7D}.Release|x86.Build.0 = Release|Win32
		{AFBC00D9-413A-4412-AFC4-BA505EF210B3}.Debug|x64.ActiveCfg = Debug|x64
		{AFBC00D9-413A-4412-AFC4-BA505EF210B3}.Debug|x64.Build.0 = Debug|x64
		{AFBC00D9-413A-4412-AFC4-BA505EF210B3}.Debug|x86.ActiveCfg = Debug|Win32
		{AFBC00D9-413A-4412-AFC4-BA505EF210B3}.Debug|x86.Build.0 = Debug|Win32
		{AFBC00D9-413A-4412-AFC4-BA505EF210B3}.Release|x64.ActiveCfg = Release|x64
		{AFBC00D9-413A-4412-AFC4-BA505EF210B3}.Release|x64.Build.0 = Release|x64
		{AFBC00D9-413A-4412-AFC4-BA505EF210B3}.Release|x86.ActiveCfg = Release|Win32
		{AFBC00D9-413A-4412-AFC4-BA505EF210B3}.Release|x86.Build.0 = Release|Win32
		{225E21FB-DB34-4188-9D78-8D800C02804F}.Debug|x64.ActiveCfg = Debug|x64
		{225E21FB-DB34-4188-9D78-8D800C02804F}.Debug|x64.Build.0 = Debug|x64
		{225E21FB-DB34-4188-9D78-8D800C02804F}.Debug|x86.ActiveCfg = Debug|Win32
		{225E21FB-DB34-4188-9D78-8D800C02804F}.Debug|x86.Build.0 = Debug|Win32
		{225E21FB-DB34-4188-9D78-8D800C02804F}.Release|x64.ActiveCfg = Release|x64
		{225E21FB-DB34-4188-9D78-8D800C02804F}.Release|x64.Build.0 = Release|x64
		{225E21FB-DB34-4188-9D78-8D800C02804F}.Release|x86.ActiveCfg = Release|Win32
		{225E21FB-DB34-4188-9D78-8D800C02804F}.Release|x86.Build.0 = Release|Win32
		{1AA12CCA-3B68-4E44-B127-E01F7CCF6C82}.Debug|x64.ActiveCfg = Debug|x64
		{1AA12CCA-3B68-4E44-B127-E01F7CCF6C82}.Debug|x64.Build.0 = Debug|x64
		{1AA12CCA-3B68-4E44-B127-E01F7CCF6C82}.Debug|x86.ActiveCfg = Debug|Win32
		{1AA12CCA-3B68-4E44-B127-E01F7CCF6C82}.Debug|x86.Build.0 = Debug|Win32
		{1AA12CCA-3B68-4E44-B127-E01F7CCF6C82}.Release|x64.ActiveCfg = Release|x64
		{1AA12CCA-3B68-4E44-B127-E01F7CCF6C82}.Release|x64.Build.0 = Release|x64
		{1AA12CCA-3B68-4E44-B127-E01F7CCF6C82}.Release|x86.ActiveCfg = Release|Win32
		{1AA12CCA-3B68-4E44-B127-E01F7CCF6C82}.Release|x86.Build.0 = Release|Win32
		{D847B146-3F8E-4CEC-A090-CF0888B33FF2}.Debug|x64.ActiveCfg = Debug|x64
		{D847B146-3F8E-4CEC-A090-CF0888B33FF2}.Debug|x64.Build.0 = Debug|x64
		{D847B146-3F8E-4CEC-A090-CF0888B33FF2}.Debug|x86.ActiveCfg = Debug|Win32
		{D847B146-3F8E-4CEC-A090-CF0888B33FF2}.Debug|x86.Build.0 = Debug|Win32
		{D847B146-3F8E-4CEC-A090-CF0888B33FF2}.Release|x64.ActiveCfg = Release|x64
		{D847B146-3F8E-4CEC-A090-CF0888B33FF2}.Release|x64.Build.0 = Release|x64
		{D847B146-3F8E-4CEC-A090-CF0888B33FF2}.Release|x86.ActiveCfg = Release|Win32
		{D847B146-3F8E-4CEC-A090-CF0888B33FF2}.Release|x86.Build.0 = Release|Win32
		{B7A357B6-293E-4426-B268-A88CB4C74886}.Debug|x64.ActiveCfg = Debug|x64
		{B7A357B6-293E-4426-B268-A88CB4C74886}.Debug|x64.Build.0 = Debug|x64
		{B7A357B6-293E-4426-B268-A88CB4C74886}.Debug|x86.ActiveCfg = Debug|Win32
		{B7A357B6-293E-4426-B268-A88CB4C74886}.Debug|x86.Build.0 = Debug|Win32
		{B7A357B6-293E-4426-B268-A88CB4C74886}.Release|x64.ActiveCfg = Release|x64
		{B7A357B6-293E-4426-B268-A88CB4C74886}.Release|x64.Build.0 = Release|x64
		{B7A357B6-293E-4426-B268-A88CB4C74886}.Release|x86.ActiveCfg = Release|Win32
		{B7A357B6-293E-4426-B268-A88CB4C74886}.Release|x86.Build.0 = Release|Win32
		{262FB847-18FF-48A8-99DC-870781180E6A}.Debug|x64.ActiveCfg = Debug|x64
		{262FB847-18FF-48A8-99DC-870781180E6A}.Debug|x64.Build.0 = Debug|x64
		{262FB847-18FF-48A8-99DC-870781180E6A}.Debug|x86.ActiveCfg = Debug|Win32
		{262FB847-18FF-48A8-99DC-870781180E6A}.Debug|x86.Build.0 = Debug|Win32
		{262FB847-18FF-48A8-99DC-870781180E6A}.Release|x64.ActiveCfg = Release|x64
		{262FB847-18FF-48A8-99DC-870781180E6A}.Release|x64.Build.0 = Release|x64
		{262FB847-18FF-48A8-99DC-870781180E6A}.Release|x86.ActiveCfg = Release|Win32
		{262FB847-18FF-48A8-99DC-870781180E6A}.Release|x86.Build.0 = Release|Win32
		{E0D23AE3-0301-4736-B0D7-DB9F0A7E3B18}.Debug|x64.ActiveCfg = Debug|x64
		{E0D23AE3-0301-4736-B0D7-DB9F0A7E3B18}.Debug|x64.Build.0 = Debug|x64
		{E0D23AE3-0301-4736-B0D7-DB9F0A7E3B18}.Debug|x86.ActiveCfg = Debug|Win32
		{E0D23AE3-0301-4736-B0D7-DB9F0A7E3B18}.Debug|x86.Build.0 = Debug|Win32
		{E0D23AE3-0301-4736-B0D7-DB9F0A7E3B18}.Release|x64.ActiveCfg = Release|x64
		{E0D23AE3-0301-4736-B0D7-DB9F0A7E3B18}.Release|x64.Build.0 = Release|x64
		{E0D23AE3-0301-4736-B0D7-DB9F0A7E3B18}.Release|x86.ActiveCfg = Release|Win32
		{E0D23AE3-0301-4736-B0D7-DB9F0A7E3B18}.Release|x86.Build.0 = Release|Win32
	EndGlobalSection
	GlobalSection(SolutionProperties) = preSolution
		HideSolutionNode = FALSE
	EndGlobalSection
	GlobalSection(ExtensibilityGlobals) = postSolution
		SolutionGuid = {02FE8A4E-E7A6-43DD-B04E-4E771697AE72}
	EndGlobalSection
EndGlobal
